// !$*UTF8*$!
{
	archiveVersion = 1;
	classes = {
	};
	objectVersion = 46;
	objects = {

/* Begin PBXBuildFile section */
		144F3CEC2B30DD1F33B73494 /* Pods_FlicksUITests.framework in Frameworks */ = {isa = PBXBuildFile; fileRef = 83BAC117BB1C9EC2975ADCB8 /* Pods_FlicksUITests.framework */; };
		1B28A6C603A82A3A03BDA30D /* Pods_Flicks.framework in Frameworks */ = {isa = PBXBuildFile; fileRef = 94C0EC7BAF55F7612170C680 /* Pods_Flicks.framework */; };
		379CB336A4404C271ABA61AF /* Pods_FlicksTests.framework in Frameworks */ = {isa = PBXBuildFile; fileRef = 4E856C4208F8E4934364760E /* Pods_FlicksTests.framework */; };
		975BE0E51DAD344800A3AD32 /* AppDelegate.swift in Sources */ = {isa = PBXBuildFile; fileRef = 975BE0E41DAD344800A3AD32 /* AppDelegate.swift */; };
		975BE0EA1DAD344800A3AD32 /* Main.storyboard in Resources */ = {isa = PBXBuildFile; fileRef = 975BE0E81DAD344800A3AD32 /* Main.storyboard */; };
		975BE0EC1DAD344800A3AD32 /* Assets.xcassets in Resources */ = {isa = PBXBuildFile; fileRef = 975BE0EB1DAD344800A3AD32 /* Assets.xcassets */; };
		975BE0EF1DAD344800A3AD32 /* LaunchScreen.storyboard in Resources */ = {isa = PBXBuildFile; fileRef = 975BE0ED1DAD344800A3AD32 /* LaunchScreen.storyboard */; };
		975BE0FA1DAD344800A3AD32 /* FlicksTests.swift in Sources */ = {isa = PBXBuildFile; fileRef = 975BE0F91DAD344800A3AD32 /* FlicksTests.swift */; };
		975BE1051DAD344800A3AD32 /* FlicksUITests.swift in Sources */ = {isa = PBXBuildFile; fileRef = 975BE1041DAD344800A3AD32 /* FlicksUITests.swift */; };
		975BE1131DAD34C300A3AD32 /* MoviesViewController.swift in Sources */ = {isa = PBXBuildFile; fileRef = 975BE1121DAD34C300A3AD32 /* MoviesViewController.swift */; };
		975BE1191DAE0BA800A3AD32 /* MovieCell.swift in Sources */ = {isa = PBXBuildFile; fileRef = 975BE1181DAE0BA800A3AD32 /* MovieCell.swift */; };
		975BE1671DAFFB8000A3AD32 /* DetailViewController.swift in Sources */ = {isa = PBXBuildFile; fileRef = 975BE1661DAFFB8000A3AD32 /* DetailViewController.swift */; };
/* End PBXBuildFile section */

/* Begin PBXContainerItemProxy section */
		975BE0F61DAD344800A3AD32 /* PBXContainerItemProxy */ = {
			isa = PBXContainerItemProxy;
			containerPortal = 975BE0D91DAD344800A3AD32 /* Project object */;
			proxyType = 1;
			remoteGlobalIDString = 975BE0E01DAD344800A3AD32;
			remoteInfo = Flicks;
		};
		975BE1011DAD344800A3AD32 /* PBXContainerItemProxy */ = {
			isa = PBXContainerItemProxy;
			containerPortal = 975BE0D91DAD344800A3AD32 /* Project object */;
			proxyType = 1;
			remoteGlobalIDString = 975BE0E01DAD344800A3AD32;
			remoteInfo = Flicks;
		};
/* End PBXContainerItemProxy section */

/* Begin PBXFileReference section */
		2DC2A00F1510022899918E00 /* Pods-Flicks.release.xcconfig */ = {isa = PBXFileReference; includeInIndex = 1; lastKnownFileType = text.xcconfig; name = "Pods-Flicks.release.xcconfig"; path = "Pods/Target Support Files/Pods-Flicks/Pods-Flicks.release.xcconfig"; sourceTree = "<group>"; };
		4E856C4208F8E4934364760E /* Pods_FlicksTests.framework */ = {isa = PBXFileReference; explicitFileType = wrapper.framework; includeInIndex = 0; path = Pods_FlicksTests.framework; sourceTree = BUILT_PRODUCTS_DIR; };
		74CB6F9D62B49E49EA50E04F /* Pods-FlicksTests.debug.xcconfig */ = {isa = PBXFileReference; includeInIndex = 1; lastKnownFileType = text.xcconfig; name = "Pods-FlicksTests.debug.xcconfig"; path = "Pods/Target Support Files/Pods-FlicksTests/Pods-FlicksTests.debug.xcconfig"; sourceTree = "<group>"; };
		83BAC117BB1C9EC2975ADCB8 /* Pods_FlicksUITests.framework */ = {isa = PBXFileReference; explicitFileType = wrapper.framework; includeInIndex = 0; path = Pods_FlicksUITests.framework; sourceTree = BUILT_PRODUCTS_DIR; };
		8EE0D9E344A74712DF2EBECB /* Pods-Flicks.debug.xcconfig */ = {isa = PBXFileReference; includeInIndex = 1; lastKnownFileType = text.xcconfig; name = "Pods-Flicks.debug.xcconfig"; path = "Pods/Target Support Files/Pods-Flicks/Pods-Flicks.debug.xcconfig"; sourceTree = "<group>"; };
		94C0EC7BAF55F7612170C680 /* Pods_Flicks.framework */ = {isa = PBXFileReference; explicitFileType = wrapper.framework; includeInIndex = 0; path = Pods_Flicks.framework; sourceTree = BUILT_PRODUCTS_DIR; };
		975BE0E11DAD344800A3AD32 /* Flicks.app */ = {isa = PBXFileReference; explicitFileType = wrapper.application; includeInIndex = 0; path = Flicks.app; sourceTree = BUILT_PRODUCTS_DIR; };
		975BE0E41DAD344800A3AD32 /* AppDelegate.swift */ = {isa = PBXFileReference; lastKnownFileType = sourcecode.swift; path = AppDelegate.swift; sourceTree = "<group>"; };
		975BE0E91DAD344800A3AD32 /* Base */ = {isa = PBXFileReference; lastKnownFileType = file.storyboard; name = Base; path = Base.lproj/Main.storyboard; sourceTree = "<group>"; };
		975BE0EB1DAD344800A3AD32 /* Assets.xcassets */ = {isa = PBXFileReference; lastKnownFileType = folder.assetcatalog; path = Assets.xcassets; sourceTree = "<group>"; };
		975BE0EE1DAD344800A3AD32 /* Base */ = {isa = PBXFileReference; lastKnownFileType = file.storyboard; name = Base; path = Base.lproj/LaunchScreen.storyboard; sourceTree = "<group>"; };
		975BE0F01DAD344800A3AD32 /* Info.plist */ = {isa = PBXFileReference; lastKnownFileType = text.plist.xml; path = Info.plist; sourceTree = "<group>"; };
		975BE0F51DAD344800A3AD32 /* FlicksTests.xctest */ = {isa = PBXFileReference; explicitFileType = wrapper.cfbundle; includeInIndex = 0; path = FlicksTests.xctest; sourceTree = BUILT_PRODUCTS_DIR; };
		975BE0F91DAD344800A3AD32 /* FlicksTests.swift */ = {isa = PBXFileReference; lastKnownFileType = sourcecode.swift; path = FlicksTests.swift; sourceTree = "<group>"; };
		975BE0FB1DAD344800A3AD32 /* Info.plist */ = {isa = PBXFileReference; lastKnownFileType = text.plist.xml; path = Info.plist; sourceTree = "<group>"; };
		975BE1001DAD344800A3AD32 /* FlicksUITests.xctest */ = {isa = PBXFileReference; explicitFileType = wrapper.cfbundle; includeInIndex = 0; path = FlicksUITests.xctest; sourceTree = BUILT_PRODUCTS_DIR; };
		975BE1041DAD344800A3AD32 /* FlicksUITests.swift */ = {isa = PBXFileReference; lastKnownFileType = sourcecode.swift; path = FlicksUITests.swift; sourceTree = "<group>"; };
		975BE1061DAD344800A3AD32 /* Info.plist */ = {isa = PBXFileReference; lastKnownFileType = text.plist.xml; path = Info.plist; sourceTree = "<group>"; };
		975BE1121DAD34C300A3AD32 /* MoviesViewController.swift */ = {isa = PBXFileReference; fileEncoding = 4; lastKnownFileType = sourcecode.swift; path = MoviesViewController.swift; sourceTree = "<group>"; };
		975BE1181DAE0BA800A3AD32 /* MovieCell.swift */ = {isa = PBXFileReference; fileEncoding = 4; lastKnownFileType = sourcecode.swift; path = MovieCell.swift; sourceTree = "<group>"; };
		975BE1661DAFFB8000A3AD32 /* DetailViewController.swift */ = {isa = PBXFileReference; fileEncoding = 4; lastKnownFileType = sourcecode.swift; path = DetailViewController.swift; sourceTree = "<group>"; };
		C5EA244B9589BC6A0DC79338 /* Pods-FlicksUITests.debug.xcconfig */ = {isa = PBXFileReference; includeInIndex = 1; lastKnownFileType = text.xcconfig; name = "Pods-FlicksUITests.debug.xcconfig"; path = "Pods/Target Support Files/Pods-FlicksUITests/Pods-FlicksUITests.debug.xcconfig"; sourceTree = "<group>"; };
		C7CB5F923C62B27E0A58DD50 /* Pods-FlicksUITests.release.xcconfig */ = {isa = PBXFileReference; includeInIndex = 1; lastKnownFileType = text.xcconfig; name = "Pods-FlicksUITests.release.xcconfig"; path = "Pods/Target Support Files/Pods-FlicksUITests/Pods-FlicksUITests.release.xcconfig"; sourceTree = "<group>"; };
		CB260F22681D8EE43E0EC84A /* Pods-FlicksTests.release.xcconfig */ = {isa = PBXFileReference; includeInIndex = 1; lastKnownFileType = text.xcconfig; name = "Pods-FlicksTests.release.xcconfig"; path = "Pods/Target Support Files/Pods-FlicksTests/Pods-FlicksTests.release.xcconfig"; sourceTree = "<group>"; };
/* End PBXFileReference section */

/* Begin PBXFrameworksBuildPhase section */
		975BE0DE1DAD344800A3AD32 /* Frameworks */ = {
			isa = PBXFrameworksBuildPhase;
			buildActionMask = 2147483647;
			files = (
				1B28A6C603A82A3A03BDA30D /* Pods_Flicks.framework in Frameworks */,
			);
			runOnlyForDeploymentPostprocessing = 0;
		};
		975BE0F21DAD344800A3AD32 /* Frameworks */ = {
			isa = PBXFrameworksBuildPhase;
			buildActionMask = 2147483647;
			files = (
				379CB336A4404C271ABA61AF /* Pods_FlicksTests.framework in Frameworks */,
			);
			runOnlyForDeploymentPostprocessing = 0;
		};
		975BE0FD1DAD344800A3AD32 /* Frameworks */ = {
			isa = PBXFrameworksBuildPhase;
			buildActionMask = 2147483647;
			files = (
				144F3CEC2B30DD1F33B73494 /* Pods_FlicksUITests.framework in Frameworks */,
			);
			runOnlyForDeploymentPostprocessing = 0;
		};
/* End PBXFrameworksBuildPhase section */

/* Begin PBXGroup section */
		25D91A278C7A548362A796C6 /* Pods */ = {
			isa = PBXGroup;
			children = (
				8EE0D9E344A74712DF2EBECB /* Pods-Flicks.debug.xcconfig */,
				2DC2A00F1510022899918E00 /* Pods-Flicks.release.xcconfig */,
				74CB6F9D62B49E49EA50E04F /* Pods-FlicksTests.debug.xcconfig */,
				CB260F22681D8EE43E0EC84A /* Pods-FlicksTests.release.xcconfig */,
				C5EA244B9589BC6A0DC79338 /* Pods-FlicksUITests.debug.xcconfig */,
				C7CB5F923C62B27E0A58DD50 /* Pods-FlicksUITests.release.xcconfig */,
			);
			name = Pods;
			sourceTree = "<group>";
		};
		975BE0D81DAD344800A3AD32 = {
			isa = PBXGroup;
			children = (
				975BE0E31DAD344800A3AD32 /* Flicks */,
				975BE0F81DAD344800A3AD32 /* FlicksTests */,
				975BE1031DAD344800A3AD32 /* FlicksUITests */,
				975BE0E21DAD344800A3AD32 /* Products */,
				25D91A278C7A548362A796C6 /* Pods */,
				A441B37B85D23D77B55396C1 /* Frameworks */,
			);
			sourceTree = "<group>";
		};
		975BE0E21DAD344800A3AD32 /* Products */ = {
			isa = PBXGroup;
			children = (
				975BE0E11DAD344800A3AD32 /* Flicks.app */,
				975BE0F51DAD344800A3AD32 /* FlicksTests.xctest */,
				975BE1001DAD344800A3AD32 /* FlicksUITests.xctest */,
			);
			name = Products;
			sourceTree = "<group>";
		};
		975BE0E31DAD344800A3AD32 /* Flicks */ = {
			isa = PBXGroup;
			children = (
				975BE1171DAE0A1D00A3AD32 /* Controllers */,
				975BE1141DAE09AA00A3AD32 /* Views */,
				975BE0E41DAD344800A3AD32 /* AppDelegate.swift */,
				975BE0E81DAD344800A3AD32 /* Main.storyboard */,
				975BE0EB1DAD344800A3AD32 /* Assets.xcassets */,
				975BE0ED1DAD344800A3AD32 /* LaunchScreen.storyboard */,
				975BE0F01DAD344800A3AD32 /* Info.plist */,
			);
			path = Flicks;
			sourceTree = "<group>";
		};
		975BE0F81DAD344800A3AD32 /* FlicksTests */ = {
			isa = PBXGroup;
			children = (
				975BE0F91DAD344800A3AD32 /* FlicksTests.swift */,
				975BE0FB1DAD344800A3AD32 /* Info.plist */,
			);
			path = FlicksTests;
			sourceTree = "<group>";
		};
		975BE1031DAD344800A3AD32 /* FlicksUITests */ = {
			isa = PBXGroup;
			children = (
				975BE1041DAD344800A3AD32 /* FlicksUITests.swift */,
				975BE1061DAD344800A3AD32 /* Info.plist */,
			);
			path = FlicksUITests;
			sourceTree = "<group>";
		};
		975BE1141DAE09AA00A3AD32 /* Views */ = {
			isa = PBXGroup;
			children = (
				975BE1181DAE0BA800A3AD32 /* MovieCell.swift */,
			);
			name = Views;
			sourceTree = "<group>";
		};
		975BE1171DAE0A1D00A3AD32 /* Controllers */ = {
			isa = PBXGroup;
			children = (
				975BE1121DAD34C300A3AD32 /* MoviesViewController.swift */,
				975BE1661DAFFB8000A3AD32 /* DetailViewController.swift */,
			);
			name = Controllers;
			sourceTree = "<group>";
		};
		A441B37B85D23D77B55396C1 /* Frameworks */ = {
			isa = PBXGroup;
			children = (
				94C0EC7BAF55F7612170C680 /* Pods_Flicks.framework */,
				4E856C4208F8E4934364760E /* Pods_FlicksTests.framework */,
				83BAC117BB1C9EC2975ADCB8 /* Pods_FlicksUITests.framework */,
			);
			name = Frameworks;
			sourceTree = "<group>";
		};
/* End PBXGroup section */

/* Begin PBXNativeTarget section */
		975BE0E01DAD344800A3AD32 /* Flicks */ = {
			isa = PBXNativeTarget;
			buildConfigurationList = 975BE1091DAD344800A3AD32 /* Build configuration list for PBXNativeTarget "Flicks" */;
			buildPhases = (
				84DB7EFBB69445B8DC2FADB0 /* [CP] Check Pods Manifest.lock */,
				975BE0DD1DAD344800A3AD32 /* Sources */,
				975BE0DE1DAD344800A3AD32 /* Frameworks */,
				975BE0DF1DAD344800A3AD32 /* Resources */,
				D257938C7C7C804182F9C0BF /* [CP] Embed Pods Frameworks */,
				03C57E76B9D25EDFF008DBDC /* [CP] Copy Pods Resources */,
			);
			buildRules = (
			);
			dependencies = (
			);
			name = Flicks;
			productName = Flicks;
			productReference = 975BE0E11DAD344800A3AD32 /* Flicks.app */;
			productType = "com.apple.product-type.application";
		};
		975BE0F41DAD344800A3AD32 /* FlicksTests */ = {
			isa = PBXNativeTarget;
			buildConfigurationList = 975BE10C1DAD344800A3AD32 /* Build configuration list for PBXNativeTarget "FlicksTests" */;
			buildPhases = (
				283D0F39EFCEE58336A97709 /* [CP] Check Pods Manifest.lock */,
				975BE0F11DAD344800A3AD32 /* Sources */,
				975BE0F21DAD344800A3AD32 /* Frameworks */,
				975BE0F31DAD344800A3AD32 /* Resources */,
				0984BA2D75EE6C697A5C3B8A /* [CP] Embed Pods Frameworks */,
				765BF9A1F521506276627F2F /* [CP] Copy Pods Resources */,
			);
			buildRules = (
			);
			dependencies = (
				975BE0F71DAD344800A3AD32 /* PBXTargetDependency */,
			);
			name = FlicksTests;
			productName = FlicksTests;
			productReference = 975BE0F51DAD344800A3AD32 /* FlicksTests.xctest */;
			productType = "com.apple.product-type.bundle.unit-test";
		};
		975BE0FF1DAD344800A3AD32 /* FlicksUITests */ = {
			isa = PBXNativeTarget;
			buildConfigurationList = 975BE10F1DAD344800A3AD32 /* Build configuration list for PBXNativeTarget "FlicksUITests" */;
			buildPhases = (
				A7E5E35381FF765C66E5CE73 /* [CP] Check Pods Manifest.lock */,
				975BE0FC1DAD344800A3AD32 /* Sources */,
				975BE0FD1DAD344800A3AD32 /* Frameworks */,
				975BE0FE1DAD344800A3AD32 /* Resources */,
				30A78541D5DBD2C3DEF4E880 /* [CP] Copy Pods Resources */,
			);
			buildRules = (
			);
			dependencies = (
				975BE1021DAD344800A3AD32 /* PBXTargetDependency */,
			);
			name = FlicksUITests;
			productName = FlicksUITests;
			productReference = 975BE1001DAD344800A3AD32 /* FlicksUITests.xctest */;
			productType = "com.apple.product-type.bundle.ui-testing";
		};
/* End PBXNativeTarget section */

/* Begin PBXProject section */
		975BE0D91DAD344800A3AD32 /* Project object */ = {
			isa = PBXProject;
			attributes = {
				LastSwiftUpdateCheck = 0800;
				LastUpgradeCheck = 0800;
				ORGANIZATIONNAME = "Neha Samant";
				TargetAttributes = {
					975BE0E01DAD344800A3AD32 = {
						CreatedOnToolsVersion = 8.0;
						ProvisioningStyle = Automatic;
					};
					975BE0F41DAD344800A3AD32 = {
						CreatedOnToolsVersion = 8.0;
						ProvisioningStyle = Automatic;
						TestTargetID = 975BE0E01DAD344800A3AD32;
					};
					975BE0FF1DAD344800A3AD32 = {
						CreatedOnToolsVersion = 8.0;
						ProvisioningStyle = Automatic;
						TestTargetID = 975BE0E01DAD344800A3AD32;
					};
				};
			};
			buildConfigurationList = 975BE0DC1DAD344800A3AD32 /* Build configuration list for PBXProject "Flicks" */;
			compatibilityVersion = "Xcode 3.2";
			developmentRegion = English;
			hasScannedForEncodings = 0;
			knownRegions = (
				en,
				Base,
			);
			mainGroup = 975BE0D81DAD344800A3AD32;
			productRefGroup = 975BE0E21DAD344800A3AD32 /* Products */;
			projectDirPath = "";
			projectRoot = "";
			targets = (
				975BE0E01DAD344800A3AD32 /* Flicks */,
				975BE0F41DAD344800A3AD32 /* FlicksTests */,
				975BE0FF1DAD344800A3AD32 /* FlicksUITests */,
			);
		};
/* End PBXProject section */

/* Begin PBXResourcesBuildPhase section */
		975BE0DF1DAD344800A3AD32 /* Resources */ = {
			isa = PBXResourcesBuildPhase;
			buildActionMask = 2147483647;
			files = (
				975BE0EF1DAD344800A3AD32 /* LaunchScreen.storyboard in Resources */,
				975BE0EC1DAD344800A3AD32 /* Assets.xcassets in Resources */,
				975BE0EA1DAD344800A3AD32 /* Main.storyboard in Resources */,
			);
			runOnlyForDeploymentPostprocessing = 0;
		};
		975BE0F31DAD344800A3AD32 /* Resources */ = {
			isa = PBXResourcesBuildPhase;
			buildActionMask = 2147483647;
			files = (
			);
			runOnlyForDeploymentPostprocessing = 0;
		};
		975BE0FE1DAD344800A3AD32 /* Resources */ = {
			isa = PBXResourcesBuildPhase;
			buildActionMask = 2147483647;
			files = (
			);
			runOnlyForDeploymentPostprocessing = 0;
		};
/* End PBXResourcesBuildPhase section */

/* Begin PBXShellScriptBuildPhase section */
		03C57E76B9D25EDFF008DBDC /* [CP] Copy Pods Resources */ = {
			isa = PBXShellScriptBuildPhase;
			buildActionMask = 2147483647;
			files = (
			);
			inputPaths = (
			);
			name = "[CP] Copy Pods Resources";
			outputPaths = (
			);
			runOnlyForDeploymentPostprocessing = 0;
			shellPath = /bin/sh;
			shellScript = "\"${SRCROOT}/Pods/Target Support Files/Pods-Flicks/Pods-Flicks-resources.sh\"\n";
			showEnvVarsInLog = 0;
		};
		0984BA2D75EE6C697A5C3B8A /* [CP] Embed Pods Frameworks */ = {
			isa = PBXShellScriptBuildPhase;
			buildActionMask = 2147483647;
			files = (
			);
			inputPaths = (
			);
			name = "[CP] Embed Pods Frameworks";
			outputPaths = (
			);
			runOnlyForDeploymentPostprocessing = 0;
			shellPath = /bin/sh;
			shellScript = "\"${SRCROOT}/Pods/Target Support Files/Pods-FlicksTests/Pods-FlicksTests-frameworks.sh\"\n";
			showEnvVarsInLog = 0;
		};
		283D0F39EFCEE58336A97709 /* [CP] Check Pods Manifest.lock */ = {
			isa = PBXShellScriptBuildPhase;
			buildActionMask = 2147483647;
			files = (
			);
			inputPaths = (
			);
			name = "[CP] Check Pods Manifest.lock";
			outputPaths = (
			);
			runOnlyForDeploymentPostprocessing = 0;
			shellPath = /bin/sh;
			shellScript = "diff \"${PODS_ROOT}/../Podfile.lock\" \"${PODS_ROOT}/Manifest.lock\" > /dev/null\nif [[ $? != 0 ]] ; then\n    cat << EOM\nerror: The sandbox is not in sync with the Podfile.lock. Run 'pod install' or update your CocoaPods installation.\nEOM\n    exit 1\nfi\n";
			showEnvVarsInLog = 0;
		};
		30A78541D5DBD2C3DEF4E880 /* [CP] Copy Pods Resources */ = {
			isa = PBXShellScriptBuildPhase;
			buildActionMask = 2147483647;
			files = (
			);
			inputPaths = (
			);
			name = "[CP] Copy Pods Resources";
			outputPaths = (
			);
			runOnlyForDeploymentPostprocessing = 0;
			shellPath = /bin/sh;
			shellScript = "\"${SRCROOT}/Pods/Target Support Files/Pods-FlicksUITests/Pods-FlicksUITests-resources.sh\"\n";
			showEnvVarsInLog = 0;
		};
		765BF9A1F521506276627F2F /* [CP] Copy Pods Resources */ = {
			isa = PBXShellScriptBuildPhase;
			buildActionMask = 2147483647;
			files = (
			);
			inputPaths = (
			);
			name = "[CP] Copy Pods Resources";
			outputPaths = (
			);
			runOnlyForDeploymentPostprocessing = 0;
			shellPath = /bin/sh;
			shellScript = "\"${SRCROOT}/Pods/Target Support Files/Pods-FlicksTests/Pods-FlicksTests-resources.sh\"\n";
			showEnvVarsInLog = 0;
		};
		84DB7EFBB69445B8DC2FADB0 /* [CP] Check Pods Manifest.lock */ = {
			isa = PBXShellScriptBuildPhase;
			buildActionMask = 2147483647;
			files = (
			);
			inputPaths = (
			);
			name = "[CP] Check Pods Manifest.lock";
			outputPaths = (
			);
			runOnlyForDeploymentPostprocessing = 0;
			shellPath = /bin/sh;
			shellScript = "diff \"${PODS_ROOT}/../Podfile.lock\" \"${PODS_ROOT}/Manifest.lock\" > /dev/null\nif [[ $? != 0 ]] ; then\n    cat << EOM\nerror: The sandbox is not in sync with the Podfile.lock. Run 'pod install' or update your CocoaPods installation.\nEOM\n    exit 1\nfi\n";
			showEnvVarsInLog = 0;
		};
		A7E5E35381FF765C66E5CE73 /* [CP] Check Pods Manifest.lock */ = {
			isa = PBXShellScriptBuildPhase;
			buildActionMask = 2147483647;
			files = (
			);
			inputPaths = (
			);
			name = "[CP] Check Pods Manifest.lock";
			outputPaths = (
			);
			runOnlyForDeploymentPostprocessing = 0;
			shellPath = /bin/sh;
			shellScript = "diff \"${PODS_ROOT}/../Podfile.lock\" \"${PODS_ROOT}/Manifest.lock\" > /dev/null\nif [[ $? != 0 ]] ; then\n    cat << EOM\nerror: The sandbox is not in sync with the Podfile.lock. Run 'pod install' or update your CocoaPods installation.\nEOM\n    exit 1\nfi\n";
			showEnvVarsInLog = 0;
		};
		D257938C7C7C804182F9C0BF /* [CP] Embed Pods Frameworks */ = {
			isa = PBXShellScriptBuildPhase;
			buildActionMask = 2147483647;
			files = (
			);
			inputPaths = (
			);
			name = "[CP] Embed Pods Frameworks";
			outputPaths = (
			);
			runOnlyForDeploymentPostprocessing = 0;
			shellPath = /bin/sh;
			shellScript = "\"${SRCROOT}/Pods/Target Support Files/Pods-Flicks/Pods-Flicks-frameworks.sh\"\n";
			showEnvVarsInLog = 0;
		};
/* End PBXShellScriptBuildPhase section */

/* Begin PBXSourcesBuildPhase section */
		975BE0DD1DAD344800A3AD32 /* Sources */ = {
			isa = PBXSourcesBuildPhase;
			buildActionMask = 2147483647;
			files = (
				975BE0E51DAD344800A3AD32 /* AppDelegate.swift in Sources */,
				975BE1131DAD34C300A3AD32 /* MoviesViewController.swift in Sources */,
				975BE1191DAE0BA800A3AD32 /* MovieCell.swift in Sources */,
				975BE1671DAFFB8000A3AD32 /* DetailViewController.swift in Sources */,
			);
			runOnlyForDeploymentPostprocessing = 0;
		};
		975BE0F11DAD344800A3AD32 /* Sources */ = {
			isa = PBXSourcesBuildPhase;
			buildActionMask = 2147483647;
			files = (
				975BE0FA1DAD344800A3AD32 /* FlicksTests.swift in Sources */,
			);
			runOnlyForDeploymentPostprocessing = 0;
		};
		975BE0FC1DAD344800A3AD32 /* Sources */ = {
			isa = PBXSourcesBuildPhase;
			buildActionMask = 2147483647;
			files = (
				975BE1051DAD344800A3AD32 /* FlicksUITests.swift in Sources */,
			);
			runOnlyForDeploymentPostprocessing = 0;
		};
/* End PBXSourcesBuildPhase section */

/* Begin PBXTargetDependency section */
		975BE0F71DAD344800A3AD32 /* PBXTargetDependency */ = {
			isa = PBXTargetDependency;
			target = 975BE0E01DAD344800A3AD32 /* Flicks */;
			targetProxy = 975BE0F61DAD344800A3AD32 /* PBXContainerItemProxy */;
		};
		975BE1021DAD344800A3AD32 /* PBXTargetDependency */ = {
			isa = PBXTargetDependency;
			target = 975BE0E01DAD344800A3AD32 /* Flicks */;
			targetProxy = 975BE1011DAD344800A3AD32 /* PBXContainerItemProxy */;
		};
/* End PBXTargetDependency section */

/* Begin PBXVariantGroup section */
		975BE0E81DAD344800A3AD32 /* Main.storyboard */ = {
			isa = PBXVariantGroup;
			children = (
				975BE0E91DAD344800A3AD32 /* Base */,
			);
			name = Main.storyboard;
			sourceTree = "<group>";
		};
		975BE0ED1DAD344800A3AD32 /* LaunchScreen.storyboard */ = {
			isa = PBXVariantGroup;
			children = (
				975BE0EE1DAD344800A3AD32 /* Base */,
			);
			name = LaunchScreen.storyboard;
			sourceTree = "<group>";
		};
/* End PBXVariantGroup section */

/* Begin XCBuildConfiguration section */
		975BE1071DAD344800A3AD32 /* Debug */ = {
			isa = XCBuildConfiguration;
			buildSettings = {
				ALWAYS_SEARCH_USER_PATHS = NO;
				CLANG_ANALYZER_NONNULL = YES;
				CLANG_CXX_LANGUAGE_STANDARD = "gnu++0x";
				CLANG_CXX_LIBRARY = "libc++";
				CLANG_ENABLE_MODULES = YES;
				CLANG_ENABLE_OBJC_ARC = YES;
				CLANG_WARN_BOOL_CONVERSION = YES;
				CLANG_WARN_CONSTANT_CONVERSION = YES;
				CLANG_WARN_DIRECT_OBJC_ISA_USAGE = YES_ERROR;
				CLANG_WARN_DOCUMENTATION_COMMENTS = YES;
				CLANG_WARN_EMPTY_BODY = YES;
				CLANG_WARN_ENUM_CONVERSION = YES;
				CLANG_WARN_INFINITE_RECURSION = YES;
				CLANG_WARN_INT_CONVERSION = YES;
				CLANG_WARN_OBJC_ROOT_CLASS = YES_ERROR;
				CLANG_WARN_SUSPICIOUS_MOVES = YES;
				CLANG_WARN_UNREACHABLE_CODE = YES;
				CLANG_WARN__DUPLICATE_METHOD_MATCH = YES;
				"CODE_SIGN_IDENTITY[sdk=iphoneos*]" = "iPhone Developer";
				COPY_PHASE_STRIP = NO;
				DEBUG_INFORMATION_FORMAT = dwarf;
				ENABLE_STRICT_OBJC_MSGSEND = YES;
				ENABLE_TESTABILITY = YES;
				GCC_C_LANGUAGE_STANDARD = gnu99;
				GCC_DYNAMIC_NO_PIC = NO;
				GCC_NO_COMMON_BLOCKS = YES;
				GCC_OPTIMIZATION_LEVEL = 0;
				GCC_PREPROCESSOR_DEFINITIONS = (
					"DEBUG=1",
					"$(inherited)",
				);
				GCC_WARN_64_TO_32_BIT_CONVERSION = YES;
				GCC_WARN_ABOUT_RETURN_TYPE = YES_ERROR;
				GCC_WARN_UNDECLARED_SELECTOR = YES;
				GCC_WARN_UNINITIALIZED_AUTOS = YES_AGGRESSIVE;
				GCC_WARN_UNUSED_FUNCTION = YES;
				GCC_WARN_UNUSED_VARIABLE = YES;
				IPHONEOS_DEPLOYMENT_TARGET = 10.0;
				MTL_ENABLE_DEBUG_INFO = YES;
				ONLY_ACTIVE_ARCH = YES;
				SDKROOT = iphoneos;
				SWIFT_ACTIVE_COMPILATION_CONDITIONS = DEBUG;
				SWIFT_OPTIMIZATION_LEVEL = "-Onone";
			};
			name = Debug;
		};
		975BE1081DAD344800A3AD32 /* Release */ = {
			isa = XCBuildConfiguration;
			buildSettings = {
				ALWAYS_SEARCH_USER_PATHS = NO;
				CLANG_ANALYZER_NONNULL = YES;
				CLANG_CXX_LANGUAGE_STANDARD = "gnu++0x";
				CLANG_CXX_LIBRARY = "libc++";
				CLANG_ENABLE_MODULES = YES;
				CLANG_ENABLE_OBJC_ARC = YES;
				CLANG_WARN_BOOL_CONVERSION = YES;
				CLANG_WARN_CONSTANT_CONVERSION = YES;
				CLANG_WARN_DIRECT_OBJC_ISA_USAGE = YES_ERROR;
				CLANG_WARN_DOCUMENTATION_COMMENTS = YES;
				CLANG_WARN_EMPTY_BODY = YES;
				CLANG_WARN_ENUM_CONVERSION = YES;
				CLANG_WARN_INFINITE_RECURSION = YES;
				CLANG_WARN_INT_CONVERSION = YES;
				CLANG_WARN_OBJC_ROOT_CLASS = YES_ERROR;
				CLANG_WARN_SUSPICIOUS_MOVES = YES;
				CLANG_WARN_UNREACHABLE_CODE = YES;
				CLANG_WARN__DUPLICATE_METHOD_MATCH = YES;
				"CODE_SIGN_IDENTITY[sdk=iphoneos*]" = "iPhone Developer";
				COPY_PHASE_STRIP = NO;
				DEBUG_INFORMATION_FORMAT = "dwarf-with-dsym";
				ENABLE_NS_ASSERTIONS = NO;
				ENABLE_STRICT_OBJC_MSGSEND = YES;
				GCC_C_LANGUAGE_STANDARD = gnu99;
				GCC_NO_COMMON_BLOCKS = YES;
				GCC_WARN_64_TO_32_BIT_CONVERSION = YES;
				GCC_WARN_ABOUT_RETURN_TYPE = YES_ERROR;
				GCC_WARN_UNDECLARED_SELECTOR = YES;
				GCC_WARN_UNINITIALIZED_AUTOS = YES_AGGRESSIVE;
				GCC_WARN_UNUSED_FUNCTION = YES;
				GCC_WARN_UNUSED_VARIABLE = YES;
				IPHONEOS_DEPLOYMENT_TARGET = 10.0;
				MTL_ENABLE_DEBUG_INFO = NO;
				SDKROOT = iphoneos;
				SWIFT_OPTIMIZATION_LEVEL = "-Owholemodule";
				VALIDATE_PRODUCT = YES;
			};
			name = Release;
		};
		975BE10A1DAD344800A3AD32 /* Debug */ = {
			isa = XCBuildConfiguration;
			baseConfigurationReference = 8EE0D9E344A74712DF2EBECB /* Pods-Flicks.debug.xcconfig */;
			buildSettings = {
				ASSETCATALOG_COMPILER_APPICON_NAME = AppIcon;
				INFOPLIST_FILE = Flicks/Info.plist;
				LD_RUNPATH_SEARCH_PATHS = "$(inherited) @executable_path/Frameworks";
				PRODUCT_BUNDLE_IDENTIFIER = com.nsamant.codepath.Flicks.Flicks;
				PRODUCT_NAME = "$(TARGET_NAME)";
				SWIFT_VERSION = 3.0;
			};
			name = Debug;
		};
		975BE10B1DAD344800A3AD32 /* Release */ = {
			isa = XCBuildConfiguration;
			baseConfigurationReference = 2DC2A00F1510022899918E00 /* Pods-Flicks.release.xcconfig */;
			buildSettings = {
				ASSETCATALOG_COMPILER_APPICON_NAME = AppIcon;
				INFOPLIST_FILE = Flicks/Info.plist;
				LD_RUNPATH_SEARCH_PATHS = "$(inherited) @executable_path/Frameworks";
				PRODUCT_BUNDLE_IDENTIFIER = com.nsamant.codepath.Flicks.Flicks;
				PRODUCT_NAME = "$(TARGET_NAME)";
				SWIFT_VERSION = 3.0;
			};
			name = Release;
		};
		975BE10D1DAD344800A3AD32 /* Debug */ = {
			isa = XCBuildConfiguration;
			baseConfigurationReference = 74CB6F9D62B49E49EA50E04F /* Pods-FlicksTests.debug.xcconfig */;
			buildSettings = {
				ALWAYS_EMBED_SWIFT_STANDARD_LIBRARIES = YES;
				BUNDLE_LOADER = "$(TEST_HOST)";
				INFOPLIST_FILE = FlicksTests/Info.plist;
				LD_RUNPATH_SEARCH_PATHS = "$(inherited) @executable_path/Frameworks @loader_path/Frameworks";
				PRODUCT_BUNDLE_IDENTIFIER = com.nsamant.codepath.Flicks.FlicksTests;
				PRODUCT_NAME = "$(TARGET_NAME)";
				SWIFT_VERSION = 3.0;
				TEST_HOST = "$(BUILT_PRODUCTS_DIR)/Flicks.app/Flicks";
			};
			name = Debug;
		};
		975BE10E1DAD344800A3AD32 /* Release */ = {
			isa = XCBuildConfiguration;
			baseConfigurationReference = CB260F22681D8EE43E0EC84A /* Pods-FlicksTests.release.xcconfig */;
			buildSettings = {
				ALWAYS_EMBED_SWIFT_STANDARD_LIBRARIES = YES;
				BUNDLE_LOADER = "$(TEST_HOST)";
				INFOPLIST_FILE = FlicksTests/Info.plist;
				LD_RUNPATH_SEARCH_PATHS = "$(inherited) @executable_path/Frameworks @loader_path/Frameworks";
				PRODUCT_BUNDLE_IDENTIFIER = com.nsamant.codepath.Flicks.FlicksTests;
				PRODUCT_NAME = "$(TARGET_NAME)";
				SWIFT_VERSION = 3.0;
				TEST_HOST = "$(BUILT_PRODUCTS_DIR)/Flicks.app/Flicks";
			};
			name = Release;
		};
		975BE1101DAD344800A3AD32 /* Debug */ = {
			isa = XCBuildConfiguration;
			baseConfigurationReference = C5EA244B9589BC6A0DC79338 /* Pods-FlicksUITests.debug.xcconfig */;
			buildSettings = {
				ALWAYS_EMBED_SWIFT_STANDARD_LIBRARIES = YES;
				INFOPLIST_FILE = FlicksUITests/Info.plist;
				LD_RUNPATH_SEARCH_PATHS = "$(inherited) @executable_path/Frameworks @loader_path/Frameworks";
				PRODUCT_BUNDLE_IDENTIFIER = com.nsamant.codepath.Flicks.FlicksUITests;
				PRODUCT_NAME = "$(TARGET_NAME)";
				SWIFT_VERSION = 3.0;
				TEST_TARGET_NAME = Flicks;
			};
			name = Debug;
		};
		975BE1111DAD344800A3AD32 /* Release */ = {
			isa = XCBuildConfiguration;
			baseConfigurationReference = C7CB5F923C62B27E0A58DD50 /* Pods-FlicksUITests.release.xcconfig */;
			buildSettings = {
				ALWAYS_EMBED_SWIFT_STANDARD_LIBRARIES = YES;
				INFOPLIST_FILE = FlicksUITests/Info.plist;
				LD_RUNPATH_SEARCH_PATHS = "$(inherited) @executable_path/Frameworks @loader_path/Frameworks";
				PRODUCT_BUNDLE_IDENTIFIER = com.nsamant.codepath.Flicks.FlicksUITests;
				PRODUCT_NAME = "$(TARGET_NAME)";
				SWIFT_VERSION = 3.0;
				TEST_TARGET_NAME = Flicks;
			};
			name = Release;
		};
/* End XCBuildConfiguration section */

/* Begin XCConfigurationList section */
		975BE0DC1DAD344800A3AD32 /* Build configuration list for PBXProject "Flicks" */ = {
			isa = XCConfigurationList;
			buildConfigurations = (
				975BE1071DAD344800A3AD32 /* Debug */,
				975BE1081DAD344800A3AD32 /* Release */,
			);
			defaultConfigurationIsVisible = 0;
			defaultConfigurationName = Release;
		};
		975BE1091DAD344800A3AD32 /* Build configuration list for PBXNativeTarget "Flicks" */ = {
			isa = XCConfigurationList;
			buildConfigurations = (
				975BE10A1DAD344800A3AD32 /* Debug */,
				975BE10B1DAD344800A3AD32 /* Release */,
			);
			defaultConfigurationIsVisible = 0;
			defaultConfigurationName = Release;
		};
		975BE10C1DAD344800A3AD32 /* Build configuration list for PBXNativeTarget "FlicksTests" */ = {
			isa = XCConfigurationList;
			buildConfigurations = (
				975BE10D1DAD344800A3AD32 /* Debug */,
				975BE10E1DAD344800A3AD32 /* Release */,
			);
			defaultConfigurationIsVisible = 0;
			defaultConfigurationName = Release;
		};
		975BE10F1DAD344800A3AD32 /* Build configuration list for PBXNativeTarget "FlicksUITests" */ = {
			isa = XCConfigurationList;
			buildConfigurations = (
				975BE1101DAD344800A3AD32 /* Debug */,
				975BE1111DAD344800A3AD32 /* Release */,
			);
			defaultConfigurationIsVisible = 0;
			defaultConfigurationName = Release;
		};
/* End XCConfigurationList section */
	};
	rootObject = 975BE0D91DAD344800A3AD32 /* Project object */;
}
